{
  "originHash" : "a143e26373c5a41eff4e19e51684e55c3503bce2456ac7b323e0284a41a24ed0",
  "pins" : [
    {
      "identity" : "cpython",
      "kind" : "remoteSourceControl",
      "location" : "https://github.com/py-swift/CPython",
      "state" : {
        "revision" : "feda635968f285f07858e1c01d2c379829e1e9e7",
        "version" : "313.11.0"
      }
    },
    {
      "identity" : "swift-docc-plugin",
      "kind" : "remoteSourceControl",
      "location" : "https://github.com/apple/swift-docc-plugin",
      "state" : {
        "revision" : "3e4f133a77e644a5812911a0513aeb7288b07d06",
        "version" : "1.4.5"
      }
    },
    {
      "identity" : "swift-docc-symbolkit",
      "kind" : "remoteSourceControl",
      "location" : "https://github.com/swiftlang/swift-docc-symbolkit",
      "state" : {
        "revision" : "b45d1f2ed151d057b54504d653e0da5552844e34",
        "version" : "1.0.0"
      }
    }
  ],
  "version" : 3
}
